
Microsoft Visual Studio Solution File, Format Version 12.00
# Visual Studio Version 17
VisualStudioVersion = 17.14.36127.28 d17.14
MinimumVisualStudioVersion = 10.0.40219.1
Project("{FAE04EC0-301F-11D3-BF4B-00C04F79EFBC}") = "Library_System", "Library_System\Library_System.csproj", "{79F2F8D8-4505-464C-B5C3-FC478E40738D}"
EndProject
Global
	GlobalSection(SolutionConfigurationPlatforms) = preSolution
		Debug|Any CPU = Debug|Any CPU
		Release|Any CPU = Release|Any CPU
	EndGlobalSection
	GlobalSection(ProjectConfigurationPlatforms) = postSolution
		{79F2F8D8-4505-464C-B5C3-FC478E40738D}.Debug|Any CPU.ActiveCfg = Debug|Any CPU
		{79F2F8D8-4505-464C-B5C3-FC478E40738D}.Debug|Any CPU.Build.0 = Debug|Any CPU
		{79F2F8D8-4505-464C-B5C3-FC478E40738D}.Release|Any CPU.ActiveCfg = Release|Any CPU
		{79F2F8D8-4505-464C-B5C3-FC478E40738D}.Release|Any CPU.Build.0 = Release|Any CPU
	EndGlobalSection
	GlobalSection(SolutionProperties) = preSolution
		HideSolutionNode = FALSE
	EndGlobalSection
	GlobalSection(ExtensibilityGlobals) = postSolution
		SolutionGuid = {21760CE6-4292-4EC0-81F1-5F2CC4AD19BB}
	EndGlobalSection
EndGlobal
